// !$*UTF8*$!
{
	archiveVersion = 1;
	classes = {
	};
	objectVersion = 56;
	objects = {

/* Begin PBXBuildFile section */
		30B923A92BFCA1600098CB19 /* JournalViewController.swift in Sources */ = {isa = PBXBuildFile; fileRef = 30B923A22BFCA1600098CB19 /* JournalViewController.swift */; };
		30B923AA2BFCA1600098CB19 /* Journal.storyboard in Resources */ = {isa = PBXBuildFile; fileRef = 30B923A32BFCA1600098CB19 /* Journal.storyboard */; };
		764297822BF4F3A000FA3A98 /* StartLogin.storyboard in Resources */ = {isa = PBXBuildFile; fileRef = 764297812BF4F3A000FA3A98 /* StartLogin.storyboard */; };
		764297942BF5C35E00FA3A98 /* Prochat.storyboard in Resources */ = {isa = PBXBuildFile; fileRef = 764297932BF5C35E00FA3A98 /* Prochat.storyboard */; };
		764297962BF5C37D00FA3A98 /* Reminder.storyboard in Resources */ = {isa = PBXBuildFile; fileRef = 764297952BF5C37D00FA3A98 /* Reminder.storyboard */; };
		764297982BF5C39900FA3A98 /* Homepage.storyboard in Resources */ = {isa = PBXBuildFile; fileRef = 764297972BF5C39900FA3A98 /* Homepage.storyboard */; };
		7642979A2BF5C3B800FA3A98 /* ReminderViewController.swift in Sources */ = {isa = PBXBuildFile; fileRef = 764297992BF5C3B800FA3A98 /* ReminderViewController.swift */; };
		7642979C2BF5C3C500FA3A98 /* HomepageViewController.swift in Sources */ = {isa = PBXBuildFile; fileRef = 7642979B2BF5C3C500FA3A98 /* HomepageViewController.swift */; };
		7642979E2BF5C3DA00FA3A98 /* ProchatViewController.swift in Sources */ = {isa = PBXBuildFile; fileRef = 7642979D2BF5C3DA00FA3A98 /* ProchatViewController.swift */; };
		767535BA2BFC807F00F54D34 /* ProfilePage.storyboard in Resources */ = {isa = PBXBuildFile; fileRef = 767535B92BFC807F00F54D34 /* ProfilePage.storyboard */; };
		767535D12BFCD5DC00F54D34 /* AddJournalViewController.swift in Sources */ = {isa = PBXBuildFile; fileRef = 767535CC2BFCD5DC00F54D34 /* AddJournalViewController.swift */; };
		767535D22BFCD5DC00F54D34 /* NewJournalCollectionViewCell.swift in Sources */ = {isa = PBXBuildFile; fileRef = 767535CD2BFCD5DC00F54D34 /* NewJournalCollectionViewCell.swift */; };
		767535D32BFCD5DC00F54D34 /* Journal.swift in Sources */ = {isa = PBXBuildFile; fileRef = 767535CE2BFCD5DC00F54D34 /* Journal.swift */; };
		767535D42BFCD5DC00F54D34 /* JournalCollectionViewCell.swift in Sources */ = {isa = PBXBuildFile; fileRef = 767535CF2BFCD5DC00F54D34 /* JournalCollectionViewCell.swift */; };
		767535D52BFCD5DC00F54D34 /* JournalDetailViewController.swift in Sources */ = {isa = PBXBuildFile; fileRef = 767535D02BFCD5DC00F54D34 /* JournalDetailViewController.swift */; };
		7687F9252BFB48AD0090F31A /* ChatScreenViewController.swift in Sources */ = {isa = PBXBuildFile; fileRef = 7687F9242BFB48AD0090F31A /* ChatScreenViewController.swift */; };
		7687F9282BFB48FB0090F31A /* MessageKit in Frameworks */ = {isa = PBXBuildFile; productRef = 7687F9272BFB48FB0090F31A /* MessageKit */; };
		CEC0FBC52BF1CD2700C4266C /* AppDelegate.swift in Sources */ = {isa = PBXBuildFile; fileRef = CEC0FBC42BF1CD2700C4266C /* AppDelegate.swift */; };
		CEC0FBC72BF1CD2700C4266C /* SceneDelegate.swift in Sources */ = {isa = PBXBuildFile; fileRef = CEC0FBC62BF1CD2700C4266C /* SceneDelegate.swift */; };
		CEC0FBC92BF1CD2700C4266C /* ViewController.swift in Sources */ = {isa = PBXBuildFile; fileRef = CEC0FBC82BF1CD2700C4266C /* ViewController.swift */; };
		CEC0FBCC2BF1CD2700C4266C /* Main.storyboard in Resources */ = {isa = PBXBuildFile; fileRef = CEC0FBCA2BF1CD2700C4266C /* Main.storyboard */; };
		CEC0FBCE2BF1CD2900C4266C /* Assets.xcassets in Resources */ = {isa = PBXBuildFile; fileRef = CEC0FBCD2BF1CD2900C4266C /* Assets.xcassets */; };
		CEC0FBD12BF1CD2900C4266C /* LaunchScreen.storyboard in Resources */ = {isa = PBXBuildFile; fileRef = CEC0FBCF2BF1CD2900C4266C /* LaunchScreen.storyboard */; };
/* End PBXBuildFile section */

/* Begin PBXFileReference section */
		30B923A22BFCA1600098CB19 /* JournalViewController.swift */ = {isa = PBXFileReference; fileEncoding = 4; lastKnownFileType = sourcecode.swift; path = JournalViewController.swift; sourceTree = "<group>"; };
		30B923A32BFCA1600098CB19 /* Journal.storyboard */ = {isa = PBXFileReference; fileEncoding = 4; lastKnownFileType = file.storyboard; path = Journal.storyboard; sourceTree = "<group>"; };
		764297812BF4F3A000FA3A98 /* StartLogin.storyboard */ = {isa = PBXFileReference; lastKnownFileType = file.storyboard; path = StartLogin.storyboard; sourceTree = "<group>"; };
		764297932BF5C35E00FA3A98 /* Prochat.storyboard */ = {isa = PBXFileReference; fileEncoding = 4; lastKnownFileType = file.storyboard; path = Prochat.storyboard; sourceTree = "<group>"; };
		764297952BF5C37D00FA3A98 /* Reminder.storyboard */ = {isa = PBXFileReference; fileEncoding = 4; lastKnownFileType = file.storyboard; path = Reminder.storyboard; sourceTree = "<group>"; };
		764297972BF5C39900FA3A98 /* Homepage.storyboard */ = {isa = PBXFileReference; fileEncoding = 4; lastKnownFileType = file.storyboard; path = Homepage.storyboard; sourceTree = "<group>"; };
		764297992BF5C3B800FA3A98 /* ReminderViewController.swift */ = {isa = PBXFileReference; lastKnownFileType = sourcecode.swift; path = ReminderViewController.swift; sourceTree = "<group>"; };
		7642979B2BF5C3C500FA3A98 /* HomepageViewController.swift */ = {isa = PBXFileReference; lastKnownFileType = sourcecode.swift; path = HomepageViewController.swift; sourceTree = "<group>"; };
		7642979D2BF5C3DA00FA3A98 /* ProchatViewController.swift */ = {isa = PBXFileReference; lastKnownFileType = sourcecode.swift; path = ProchatViewController.swift; sourceTree = "<group>"; };
		767535B92BFC807F00F54D34 /* ProfilePage.storyboard */ = {isa = PBXFileReference; fileEncoding = 4; lastKnownFileType = file.storyboard; path = ProfilePage.storyboard; sourceTree = "<group>"; };
		767535CC2BFCD5DC00F54D34 /* AddJournalViewController.swift */ = {isa = PBXFileReference; fileEncoding = 4; lastKnownFileType = sourcecode.swift; path = AddJournalViewController.swift; sourceTree = "<group>"; };
		767535CD2BFCD5DC00F54D34 /* NewJournalCollectionViewCell.swift */ = {isa = PBXFileReference; fileEncoding = 4; lastKnownFileType = sourcecode.swift; path = NewJournalCollectionViewCell.swift; sourceTree = "<group>"; };
		767535CE2BFCD5DC00F54D34 /* Journal.swift */ = {isa = PBXFileReference; fileEncoding = 4; lastKnownFileType = sourcecode.swift; path = Journal.swift; sourceTree = "<group>"; };
		767535CF2BFCD5DC00F54D34 /* JournalCollectionViewCell.swift */ = {isa = PBXFileReference; fileEncoding = 4; lastKnownFileType = sourcecode.swift; path = JournalCollectionViewCell.swift; sourceTree = "<group>"; };
		767535D02BFCD5DC00F54D34 /* JournalDetailViewController.swift */ = {isa = PBXFileReference; fileEncoding = 4; lastKnownFileType = sourcecode.swift; path = JournalDetailViewController.swift; sourceTree = "<group>"; };
		7687F9242BFB48AD0090F31A /* ChatScreenViewController.swift */ = {isa = PBXFileReference; lastKnownFileType = sourcecode.swift; path = ChatScreenViewController.swift; sourceTree = "<group>"; };
		CEC0FBC12BF1CD2700C4266C /* MyMind.app */ = {isa = PBXFileReference; explicitFileType = wrapper.application; includeInIndex = 0; path = MyMind.app; sourceTree = BUILT_PRODUCTS_DIR; };
		CEC0FBC42BF1CD2700C4266C /* AppDelegate.swift */ = {isa = PBXFileReference; lastKnownFileType = sourcecode.swift; path = AppDelegate.swift; sourceTree = "<group>"; };
		CEC0FBC62BF1CD2700C4266C /* SceneDelegate.swift */ = {isa = PBXFileReference; lastKnownFileType = sourcecode.swift; path = SceneDelegate.swift; sourceTree = "<group>"; };
		CEC0FBC82BF1CD2700C4266C /* ViewController.swift */ = {isa = PBXFileReference; lastKnownFileType = sourcecode.swift; path = ViewController.swift; sourceTree = "<group>"; };
		CEC0FBCB2BF1CD2700C4266C /* Base */ = {isa = PBXFileReference; lastKnownFileType = file.storyboard; name = Base; path = Base.lproj/Main.storyboard; sourceTree = "<group>"; };
		CEC0FBCD2BF1CD2900C4266C /* Assets.xcassets */ = {isa = PBXFileReference; lastKnownFileType = folder.assetcatalog; path = Assets.xcassets; sourceTree = "<group>"; };
		CEC0FBD02BF1CD2900C4266C /* Base */ = {isa = PBXFileReference; lastKnownFileType = file.storyboard; name = Base; path = Base.lproj/LaunchScreen.storyboard; sourceTree = "<group>"; };
		CEC0FBD22BF1CD2A00C4266C /* Info.plist */ = {isa = PBXFileReference; lastKnownFileType = text.plist.xml; path = Info.plist; sourceTree = "<group>"; };
/* End PBXFileReference section */

/* Begin PBXFrameworksBuildPhase section */
		CEC0FBBE2BF1CD2700C4266C /* Frameworks */ = {
			isa = PBXFrameworksBuildPhase;
			buildActionMask = 2147483647;
			files = (
				7687F9282BFB48FB0090F31A /* MessageKit in Frameworks */,
			);
			runOnlyForDeploymentPostprocessing = 0;
		};
/* End PBXFrameworksBuildPhase section */

/* Begin PBXGroup section */
		7642978F2BF5C29E00FA3A98 /* Journal */ = {
			isa = PBXGroup;
			children = (
				30B923A32BFCA1600098CB19 /* Journal.storyboard */,
				767535CC2BFCD5DC00F54D34 /* AddJournalViewController.swift */,
				767535CE2BFCD5DC00F54D34 /* Journal.swift */,
				767535CF2BFCD5DC00F54D34 /* JournalCollectionViewCell.swift */,
				767535D02BFCD5DC00F54D34 /* JournalDetailViewController.swift */,
				767535CD2BFCD5DC00F54D34 /* NewJournalCollectionViewCell.swift */,
				30B923A22BFCA1600098CB19 /* JournalViewController.swift */,
			);
			path = Journal;
			sourceTree = "<group>";
		};
		764297902BF5C2F000FA3A98 /* Homepage */ = {
			isa = PBXGroup;
			children = (
				764297972BF5C39900FA3A98 /* Homepage.storyboard */,
				7642979B2BF5C3C500FA3A98 /* HomepageViewController.swift */,
			);
			path = Homepage;
			sourceTree = "<group>";
		};
		764297912BF5C30200FA3A98 /* Reminder */ = {
			isa = PBXGroup;
			children = (
				764297952BF5C37D00FA3A98 /* Reminder.storyboard */,
				764297992BF5C3B800FA3A98 /* ReminderViewController.swift */,
			);
			path = Reminder;
			sourceTree = "<group>";
		};
		764297922BF5C30F00FA3A98 /* Prochat */ = {
			isa = PBXGroup;
			children = (
				764297932BF5C35E00FA3A98 /* Prochat.storyboard */,
				7642979D2BF5C3DA00FA3A98 /* ProchatViewController.swift */,
				7687F9242BFB48AD0090F31A /* ChatScreenViewController.swift */,
			);
			path = Prochat;
			sourceTree = "<group>";
		};
		767535BB2BFC808500F54D34 /* ProfilePage */ = {
			isa = PBXGroup;
			children = (
				767535B92BFC807F00F54D34 /* ProfilePage.storyboard */,
			);
			path = ProfilePage;
			sourceTree = "<group>";
		};
		CEC0FBB82BF1CD2700C4266C = {
			isa = PBXGroup;
			children = (
				CEC0FBC32BF1CD2700C4266C /* MyMind */,
				CEC0FBC22BF1CD2700C4266C /* Products */,
			);
			sourceTree = "<group>";
		};
		CEC0FBC22BF1CD2700C4266C /* Products */ = {
			isa = PBXGroup;
			children = (
				CEC0FBC12BF1CD2700C4266C /* MyMind.app */,
			);
			name = Products;
			sourceTree = "<group>";
		};
		CEC0FBC32BF1CD2700C4266C /* MyMind */ = {
			isa = PBXGroup;
			children = (
				764297902BF5C2F000FA3A98 /* Homepage */,
				764297912BF5C30200FA3A98 /* Reminder */,
				7642978F2BF5C29E00FA3A98 /* Journal */,
				764297922BF5C30F00FA3A98 /* Prochat */,
				767535BB2BFC808500F54D34 /* ProfilePage */,
				CEC0FBC42BF1CD2700C4266C /* AppDelegate.swift */,
				CEC0FBC62BF1CD2700C4266C /* SceneDelegate.swift */,
				CEC0FBC82BF1CD2700C4266C /* ViewController.swift */,
				CEC0FBCD2BF1CD2900C4266C /* Assets.xcassets */,
				CEC0FBD22BF1CD2A00C4266C /* Info.plist */,
				764297812BF4F3A000FA3A98 /* StartLogin.storyboard */,
				CEC0FBCA2BF1CD2700C4266C /* Main.storyboard */,
				CEC0FBCF2BF1CD2900C4266C /* LaunchScreen.storyboard */,
			);
			path = MyMind;
			sourceTree = "<group>";
		};
/* End PBXGroup section */

/* Begin PBXNativeTarget section */
		CEC0FBC02BF1CD2700C4266C /* MyMind */ = {
			isa = PBXNativeTarget;
			buildConfigurationList = CEC0FBD52BF1CD2A00C4266C /* Build configuration list for PBXNativeTarget "MyMind" */;
			buildPhases = (
				CEC0FBBD2BF1CD2700C4266C /* Sources */,
				CEC0FBBE2BF1CD2700C4266C /* Frameworks */,
				CEC0FBBF2BF1CD2700C4266C /* Resources */,
			);
			buildRules = (
			);
			dependencies = (
			);
			name = MyMind;
			packageProductDependencies = (
				7687F9272BFB48FB0090F31A /* MessageKit */,
			);
			productName = MyMind;
			productReference = CEC0FBC12BF1CD2700C4266C /* MyMind.app */;
			productType = "com.apple.product-type.application";
		};
/* End PBXNativeTarget section */

/* Begin PBXProject section */
		CEC0FBB92BF1CD2700C4266C /* Project object */ = {
			isa = PBXProject;
			attributes = {
				BuildIndependentTargetsInParallel = 1;
				LastSwiftUpdateCheck = 1430;
				LastUpgradeCheck = 1430;
				TargetAttributes = {
					CEC0FBC02BF1CD2700C4266C = {
						CreatedOnToolsVersion = 14.3.1;
					};
				};
			};
			buildConfigurationList = CEC0FBBC2BF1CD2700C4266C /* Build configuration list for PBXProject "MyMind" */;
			compatibilityVersion = "Xcode 14.0";
			developmentRegion = en;
			hasScannedForEncodings = 0;
			knownRegions = (
				en,
				Base,
			);
			mainGroup = CEC0FBB82BF1CD2700C4266C;
			packageReferences = (
				7687F9262BFB48FB0090F31A /* XCRemoteSwiftPackageReference "MessageKit" */,
			);
			productRefGroup = CEC0FBC22BF1CD2700C4266C /* Products */;
			projectDirPath = "";
			projectRoot = "";
			targets = (
				CEC0FBC02BF1CD2700C4266C /* MyMind */,
			);
		};
/* End PBXProject section */

/* Begin PBXResourcesBuildPhase section */
		CEC0FBBF2BF1CD2700C4266C /* Resources */ = {
			isa = PBXResourcesBuildPhase;
			buildActionMask = 2147483647;
			files = (
				764297982BF5C39900FA3A98 /* Homepage.storyboard in Resources */,
				CEC0FBD12BF1CD2900C4266C /* LaunchScreen.storyboard in Resources */,
				CEC0FBCE2BF1CD2900C4266C /* Assets.xcassets in Resources */,
				764297942BF5C35E00FA3A98 /* Prochat.storyboard in Resources */,
				767535BA2BFC807F00F54D34 /* ProfilePage.storyboard in Resources */,
				CEC0FBCC2BF1CD2700C4266C /* Main.storyboard in Resources */,
				764297822BF4F3A000FA3A98 /* StartLogin.storyboard in Resources */,
				764297962BF5C37D00FA3A98 /* Reminder.storyboard in Resources */,
				30B923AA2BFCA1600098CB19 /* Journal.storyboard in Resources */,
			);
			runOnlyForDeploymentPostprocessing = 0;
		};
/* End PBXResourcesBuildPhase section */

/* Begin PBXSourcesBuildPhase section */
		CEC0FBBD2BF1CD2700C4266C /* Sources */ = {
			isa = PBXSourcesBuildPhase;
			buildActionMask = 2147483647;
			files = (
				7687F9252BFB48AD0090F31A /* ChatScreenViewController.swift in Sources */,
				CEC0FBC92BF1CD2700C4266C /* ViewController.swift in Sources */,
				767535D12BFCD5DC00F54D34 /* AddJournalViewController.swift in Sources */,
				767535D52BFCD5DC00F54D34 /* JournalDetailViewController.swift in Sources */,
				7642979C2BF5C3C500FA3A98 /* HomepageViewController.swift in Sources */,
				30B923A92BFCA1600098CB19 /* JournalViewController.swift in Sources */,
				7642979A2BF5C3B800FA3A98 /* ReminderViewController.swift in Sources */,
				CEC0FBC52BF1CD2700C4266C /* AppDelegate.swift in Sources */,
				767535D32BFCD5DC00F54D34 /* Journal.swift in Sources */,
				767535D42BFCD5DC00F54D34 /* JournalCollectionViewCell.swift in Sources */,
				7642979E2BF5C3DA00FA3A98 /* ProchatViewController.swift in Sources */,
				CEC0FBC72BF1CD2700C4266C /* SceneDelegate.swift in Sources */,
				767535D22BFCD5DC00F54D34 /* NewJournalCollectionViewCell.swift in Sources */,
			);
			runOnlyForDeploymentPostprocessing = 0;
		};
/* End PBXSourcesBuildPhase section */

/* Begin PBXVariantGroup section */
		CEC0FBCA2BF1CD2700C4266C /* Main.storyboard */ = {
			isa = PBXVariantGroup;
			children = (
				CEC0FBCB2BF1CD2700C4266C /* Base */,
			);
			name = Main.storyboard;
			sourceTree = "<group>";
		};
		CEC0FBCF2BF1CD2900C4266C /* LaunchScreen.storyboard */ = {
			isa = PBXVariantGroup;
			children = (
				CEC0FBD02BF1CD2900C4266C /* Base */,
			);
			name = LaunchScreen.storyboard;
			sourceTree = "<group>";
		};
/* End PBXVariantGroup section */

/* Begin XCBuildConfiguration section */
		CEC0FBD32BF1CD2A00C4266C /* Debug */ = {
			isa = XCBuildConfiguration;
			buildSettings = {
				ALWAYS_SEARCH_USER_PATHS = NO;
				CLANG_ANALYZER_NONNULL = YES;
				CLANG_ANALYZER_NUMBER_OBJECT_CONVERSION = YES_AGGRESSIVE;
				CLANG_CXX_LANGUAGE_STANDARD = "gnu++20";
				CLANG_ENABLE_MODULES = YES;
				CLANG_ENABLE_OBJC_ARC = YES;
				CLANG_ENABLE_OBJC_WEAK = YES;
				CLANG_WARN_BLOCK_CAPTURE_AUTORELEASING = YES;
				CLANG_WARN_BOOL_CONVERSION = YES;
				CLANG_WARN_COMMA = YES;
				CLANG_WARN_CONSTANT_CONVERSION = YES;
				CLANG_WARN_DEPRECATED_OBJC_IMPLEMENTATIONS = YES;
				CLANG_WARN_DIRECT_OBJC_ISA_USAGE = YES_ERROR;
				CLANG_WARN_DOCUMENTATION_COMMENTS = YES;
				CLANG_WARN_EMPTY_BODY = YES;
				CLANG_WARN_ENUM_CONVERSION = YES;
				CLANG_WARN_INFINITE_RECURSION = YES;
				CLANG_WARN_INT_CONVERSION = YES;
				CLANG_WARN_NON_LITERAL_NULL_CONVERSION = YES;
				CLANG_WARN_OBJC_IMPLICIT_RETAIN_SELF = YES;
				CLANG_WARN_OBJC_LITERAL_CONVERSION = YES;
				CLANG_WARN_OBJC_ROOT_CLASS = YES_ERROR;
				CLANG_WARN_QUOTED_INCLUDE_IN_FRAMEWORK_HEADER = YES;
				CLANG_WARN_RANGE_LOOP_ANALYSIS = YES;
				CLANG_WARN_STRICT_PROTOTYPES = YES;
				CLANG_WARN_SUSPICIOUS_MOVE = YES;
				CLANG_WARN_UNGUARDED_AVAILABILITY = YES_AGGRESSIVE;
				CLANG_WARN_UNREACHABLE_CODE = YES;
				CLANG_WARN__DUPLICATE_METHOD_MATCH = YES;
				COPY_PHASE_STRIP = NO;
				DEBUG_INFORMATION_FORMAT = dwarf;
				ENABLE_STRICT_OBJC_MSGSEND = YES;
				ENABLE_TESTABILITY = YES;
				GCC_C_LANGUAGE_STANDARD = gnu11;
				GCC_DYNAMIC_NO_PIC = NO;
				GCC_NO_COMMON_BLOCKS = YES;
				GCC_OPTIMIZATION_LEVEL = 0;
				GCC_PREPROCESSOR_DEFINITIONS = (
					"DEBUG=1",
					"$(inherited)",
				);
				GCC_WARN_64_TO_32_BIT_CONVERSION = YES;
				GCC_WARN_ABOUT_RETURN_TYPE = YES_ERROR;
				GCC_WARN_UNDECLARED_SELECTOR = YES;
				GCC_WARN_UNINITIALIZED_AUTOS = YES_AGGRESSIVE;
				GCC_WARN_UNUSED_FUNCTION = YES;
				GCC_WARN_UNUSED_VARIABLE = YES;
				IPHONEOS_DEPLOYMENT_TARGET = 16.4;
				MTL_ENABLE_DEBUG_INFO = INCLUDE_SOURCE;
				MTL_FAST_MATH = YES;
				ONLY_ACTIVE_ARCH = YES;
				SDKROOT = iphoneos;
				SWIFT_ACTIVE_COMPILATION_CONDITIONS = DEBUG;
				SWIFT_OPTIMIZATION_LEVEL = "-Onone";
			};
			name = Debug;
		};
		CEC0FBD42BF1CD2A00C4266C /* Release */ = {
			isa = XCBuildConfiguration;
			buildSettings = {
				ALWAYS_SEARCH_USER_PATHS = NO;
				CLANG_ANALYZER_NONNULL = YES;
				CLANG_ANALYZER_NUMBER_OBJECT_CONVERSION = YES_AGGRESSIVE;
				CLANG_CXX_LANGUAGE_STANDARD = "gnu++20";
				CLANG_ENABLE_MODULES = YES;
				CLANG_ENABLE_OBJC_ARC = YES;
				CLANG_ENABLE_OBJC_WEAK = YES;
				CLANG_WARN_BLOCK_CAPTURE_AUTORELEASING = YES;
				CLANG_WARN_BOOL_CONVERSION = YES;
				CLANG_WARN_COMMA = YES;
				CLANG_WARN_CONSTANT_CONVERSION = YES;
				CLANG_WARN_DEPRECATED_OBJC_IMPLEMENTATIONS = YES;
				CLANG_WARN_DIRECT_OBJC_ISA_USAGE = YES_ERROR;
				CLANG_WARN_DOCUMENTATION_COMMENTS = YES;
				CLANG_WARN_EMPTY_BODY = YES;
				CLANG_WARN_ENUM_CONVERSION = YES;
				CLANG_WARN_INFINITE_RECURSION = YES;
				CLANG_WARN_INT_CONVERSION = YES;
				CLANG_WARN_NON_LITERAL_NULL_CONVERSION = YES;
				CLANG_WARN_OBJC_IMPLICIT_RETAIN_SELF = YES;
				CLANG_WARN_OBJC_LITERAL_CONVERSION = YES;
				CLANG_WARN_OBJC_ROOT_CLASS = YES_ERROR;
				CLANG_WARN_QUOTED_INCLUDE_IN_FRAMEWORK_HEADER = YES;
				CLANG_WARN_RANGE_LOOP_ANALYSIS = YES;
				CLANG_WARN_STRICT_PROTOTYPES = YES;
				CLANG_WARN_SUSPICIOUS_MOVE = YES;
				CLANG_WARN_UNGUARDED_AVAILABILITY = YES_AGGRESSIVE;
				CLANG_WARN_UNREACHABLE_CODE = YES;
				CLANG_WARN__DUPLICATE_METHOD_MATCH = YES;
				COPY_PHASE_STRIP = NO;
				DEBUG_INFORMATION_FORMAT = "dwarf-with-dsym";
				ENABLE_NS_ASSERTIONS = NO;
				ENABLE_STRICT_OBJC_MSGSEND = YES;
				GCC_C_LANGUAGE_STANDARD = gnu11;
				GCC_NO_COMMON_BLOCKS = YES;
				GCC_WARN_64_TO_32_BIT_CONVERSION = YES;
				GCC_WARN_ABOUT_RETURN_TYPE = YES_ERROR;
				GCC_WARN_UNDECLARED_SELECTOR = YES;
				GCC_WARN_UNINITIALIZED_AUTOS = YES_AGGRESSIVE;
				GCC_WARN_UNUSED_FUNCTION = YES;
				GCC_WARN_UNUSED_VARIABLE = YES;
				IPHONEOS_DEPLOYMENT_TARGET = 16.4;
				MTL_ENABLE_DEBUG_INFO = NO;
				MTL_FAST_MATH = YES;
				SDKROOT = iphoneos;
				SWIFT_COMPILATION_MODE = wholemodule;
				SWIFT_OPTIMIZATION_LEVEL = "-O";
				VALIDATE_PRODUCT = YES;
			};
			name = Release;
		};
		CEC0FBD62BF1CD2A00C4266C /* Debug */ = {
			isa = XCBuildConfiguration;
			buildSettings = {
				ASSETCATALOG_COMPILER_APPICON_NAME = AppIcon;
				ASSETCATALOG_COMPILER_GLOBAL_ACCENT_COLOR_NAME = AccentColor;
				CODE_SIGN_STYLE = Automatic;
				CURRENT_PROJECT_VERSION = 1;
				DEVELOPMENT_TEAM = 475RL44THX;
				GENERATE_INFOPLIST_FILE = YES;
				INFOPLIST_FILE = MyMind/Info.plist;
				INFOPLIST_KEY_UIApplicationSupportsIndirectInputEvents = YES;
				INFOPLIST_KEY_UILaunchStoryboardName = StartLogin.storyboard;
				INFOPLIST_KEY_UIMainStoryboardFile = StartLogin;
				INFOPLIST_KEY_UISupportedInterfaceOrientations_iPad = "UIInterfaceOrientationPortrait UIInterfaceOrientationPortraitUpsideDown UIInterfaceOrientationLandscapeLeft UIInterfaceOrientationLandscapeRight";
				INFOPLIST_KEY_UISupportedInterfaceOrientations_iPhone = "UIInterfaceOrientationPortrait UIInterfaceOrientationLandscapeLeft UIInterfaceOrientationLandscapeRight";
				LD_RUNPATH_SEARCH_PATHS = (
					"$(inherited)",
					"@executable_path/Frameworks",
				);
				MARKETING_VERSION = 1.0;
				PRODUCT_BUNDLE_IDENTIFIER = com.fushi.MyMind;
				PRODUCT_NAME = "$(TARGET_NAME)";
				SWIFT_EMIT_LOC_STRINGS = YES;
				SWIFT_VERSION = 5.0;
				TARGETED_DEVICE_FAMILY = "1,2";
			};
			name = Debug;
		};
		CEC0FBD72BF1CD2A00C4266C /* Release */ = {
			isa = XCBuildConfiguration;
			buildSettings = {
				ASSETCATALOG_COMPILER_APPICON_NAME = AppIcon;
				ASSETCATALOG_COMPILER_GLOBAL_ACCENT_COLOR_NAME = AccentColor;
				CODE_SIGN_STYLE = Automatic;
				CURRENT_PROJECT_VERSION = 1;
				DEVELOPMENT_TEAM = 475RL44THX;
				GENERATE_INFOPLIST_FILE = YES;
				INFOPLIST_FILE = MyMind/Info.plist;
				INFOPLIST_KEY_UIApplicationSupportsIndirectInputEvents = YES;
				INFOPLIST_KEY_UILaunchStoryboardName = StartLogin.storyboard;
				INFOPLIST_KEY_UIMainStoryboardFile = StartLogin;
				INFOPLIST_KEY_UISupportedInterfaceOrientations_iPad = "UIInterfaceOrientationPortrait UIInterfaceOrientationPortraitUpsideDown UIInterfaceOrientationLandscapeLeft UIInterfaceOrientationLandscapeRight";
				INFOPLIST_KEY_UISupportedInterfaceOrientations_iPhone = "UIInterfaceOrientationPortrait UIInterfaceOrientationLandscapeLeft UIInterfaceOrientationLandscapeRight";
				LD_RUNPATH_SEARCH_PATHS = (
					"$(inherited)",
					"@executable_path/Frameworks",
				);
				MARKETING_VERSION = 1.0;
				PRODUCT_BUNDLE_IDENTIFIER = com.fushi.MyMind;
				PRODUCT_NAME = "$(TARGET_NAME)";
				SWIFT_EMIT_LOC_STRINGS = YES;
				SWIFT_VERSION = 5.0;
				TARGETED_DEVICE_FAMILY = "1,2";
			};
			name = Release;
		};
/* End XCBuildConfiguration section */

/* Begin XCConfigurationList section */
		CEC0FBBC2BF1CD2700C4266C /* Build configuration list for PBXProject "MyMind" */ = {
			isa = XCConfigurationList;
			buildConfigurations = (
				CEC0FBD32BF1CD2A00C4266C /* Debug */,
				CEC0FBD42BF1CD2A00C4266C /* Release */,
			);
			defaultConfigurationIsVisible = 0;
			defaultConfigurationName = Release;
		};
		CEC0FBD52BF1CD2A00C4266C /* Build configuration list for PBXNativeTarget "MyMind" */ = {
			isa = XCConfigurationList;
			buildConfigurations = (
				CEC0FBD62BF1CD2A00C4266C /* Debug */,
				CEC0FBD72BF1CD2A00C4266C /* Release */,
			);
			defaultConfigurationIsVisible = 0;
			defaultConfigurationName = Release;
		};
/* End XCConfigurationList section */

/* Begin XCRemoteSwiftPackageReference section */
		7687F9262BFB48FB0090F31A /* XCRemoteSwiftPackageReference "MessageKit" */ = {
			isa = XCRemoteSwiftPackageReference;
			repositoryURL = "https://github.com/MessageKit/MessageKit";
			requirement = {
				kind = upToNextMajorVersion;
				minimumVersion = 4.2.0;
			};
		};
/* End XCRemoteSwiftPackageReference section */

/* Begin XCSwiftPackageProductDependency section */
		7687F9272BFB48FB0090F31A /* MessageKit */ = {
			isa = XCSwiftPackageProductDependency;
			package = 7687F9262BFB48FB0090F31A /* XCRemoteSwiftPackageReference "MessageKit" */;
			productName = MessageKit;
		};
/* End XCSwiftPackageProductDependency section */
	};
	rootObject = CEC0FBB92BF1CD2700C4266C /* Project object */;
}
